// !$*UTF8*$!
{
	archiveVersion = 1;
	classes = {
	};
	objectVersion = 46;
	objects = {

/* Begin PBXBuildFile section */
		6399F4521AE556B60003E007 /* main.cpp in Sources */ = {isa = PBXBuildFile; fileRef = 6399F4511AE556B60003E007 /* main.cpp */; };
		6399F45A1AE557C50003E007 /* InputNode.cpp in Sources */ = {isa = PBXBuildFile; fileRef = 6399F4581AE557C50003E007 /* InputNode.cpp */; };
		6399F45D1AE557D80003E007 /* OutputNode.cpp in Sources */ = {isa = PBXBuildFile; fileRef = 6399F45B1AE557D80003E007 /* OutputNode.cpp */; };
		6399F4601AE558020003E007 /* HiddenNode.cpp in Sources */ = {isa = PBXBuildFile; fileRef = 6399F45E1AE558020003E007 /* HiddenNode.cpp */; };
		6399F4631AE558510003E007 /* NeuralEvolAlg.cpp in Sources */ = {isa = PBXBuildFile; fileRef = 6399F4611AE558510003E007 /* NeuralEvolAlg.cpp */; };
		6399F4661AE5587E0003E007 /* NeuralNet.cpp in Sources */ = {isa = PBXBuildFile; fileRef = 6399F4641AE5587E0003E007 /* NeuralNet.cpp */; };
		6399F4691AE558AB0003E007 /* IOPair.cpp in Sources */ = {isa = PBXBuildFile; fileRef = 6399F4671AE558AB0003E007 /* IOPair.cpp */; };
		6399F46C1AE558DA0003E007 /* Problem.cpp in Sources */ = {isa = PBXBuildFile; fileRef = 6399F46A1AE558DA0003E007 /* Problem.cpp */; };
/* End PBXBuildFile section */

/* Begin PBXCopyFilesBuildPhase section */
		6399F44C1AE556B60003E007 /* CopyFiles */ = {
			isa = PBXCopyFilesBuildPhase;
			buildActionMask = 2147483647;
			dstPath = /usr/share/man/man1/;
			dstSubfolderSpec = 0;
			files = (
			);
			runOnlyForDeploymentPostprocessing = 1;
		};
/* End PBXCopyFilesBuildPhase section */

/* Begin PBXFileReference section */
		6399F44E1AE556B60003E007 /* NeuralEvolution */ = {isa = PBXFileReference; explicitFileType = "compiled.mach-o.executable"; includeInIndex = 0; path = NeuralEvolution; sourceTree = BUILT_PRODUCTS_DIR; };
		6399F4511AE556B60003E007 /* main.cpp */ = {isa = PBXFileReference; lastKnownFileType = sourcecode.cpp.cpp; path = main.cpp; sourceTree = "<group>"; };
		6399F4581AE557C50003E007 /* InputNode.cpp */ = {isa = PBXFileReference; fileEncoding = 4; lastKnownFileType = sourcecode.cpp.cpp; path = InputNode.cpp; sourceTree = "<group>"; };
		6399F4591AE557C50003E007 /* InputNode.h */ = {isa = PBXFileReference; fileEncoding = 4; lastKnownFileType = sourcecode.c.h; path = InputNode.h; sourceTree = "<group>"; };
		6399F45B1AE557D80003E007 /* OutputNode.cpp */ = {isa = PBXFileReference; fileEncoding = 4; lastKnownFileType = sourcecode.cpp.cpp; path = OutputNode.cpp; sourceTree = "<group>"; };
		6399F45C1AE557D80003E007 /* OutputNode.h */ = {isa = PBXFileReference; fileEncoding = 4; lastKnownFileType = sourcecode.c.h; path = OutputNode.h; sourceTree = "<group>"; };
		6399F45E1AE558020003E007 /* HiddenNode.cpp */ = {isa = PBXFileReference; fileEncoding = 4; lastKnownFileType = sourcecode.cpp.cpp; path = HiddenNode.cpp; sourceTree = "<group>"; };
		6399F45F1AE558020003E007 /* HiddenNode.h */ = {isa = PBXFileReference; fileEncoding = 4; lastKnownFileType = sourcecode.c.h; path = HiddenNode.h; sourceTree = "<group>"; };
		6399F4611AE558510003E007 /* NeuralEvolAlg.cpp */ = {isa = PBXFileReference; fileEncoding = 4; lastKnownFileType = sourcecode.cpp.cpp; path = NeuralEvolAlg.cpp; sourceTree = "<group>"; };
		6399F4621AE558510003E007 /* NeuralEvolAlg.h */ = {isa = PBXFileReference; fileEncoding = 4; lastKnownFileType = sourcecode.c.h; path = NeuralEvolAlg.h; sourceTree = "<group>"; };
		6399F4641AE5587E0003E007 /* NeuralNet.cpp */ = {isa = PBXFileReference; fileEncoding = 4; lastKnownFileType = sourcecode.cpp.cpp; path = NeuralNet.cpp; sourceTree = "<group>"; };
		6399F4651AE5587E0003E007 /* NeuralNet.h */ = {isa = PBXFileReference; fileEncoding = 4; lastKnownFileType = sourcecode.c.h; path = NeuralNet.h; sourceTree = "<group>"; };
		6399F4671AE558AB0003E007 /* IOPair.cpp */ = {isa = PBXFileReference; fileEncoding = 4; lastKnownFileType = sourcecode.cpp.cpp; path = IOPair.cpp; sourceTree = "<group>"; };
		6399F4681AE558AB0003E007 /* IOPair.h */ = {isa = PBXFileReference; fileEncoding = 4; lastKnownFileType = sourcecode.c.h; path = IOPair.h; sourceTree = "<group>"; };
		6399F46A1AE558DA0003E007 /* Problem.cpp */ = {isa = PBXFileReference; fileEncoding = 4; lastKnownFileType = sourcecode.cpp.cpp; path = Problem.cpp; sourceTree = "<group>"; };
		6399F46B1AE558DA0003E007 /* Problem.h */ = {isa = PBXFileReference; fileEncoding = 4; lastKnownFileType = sourcecode.c.h; path = Problem.h; sourceTree = "<group>"; };
/* End PBXFileReference section */

/* Begin PBXFrameworksBuildPhase section */
		6399F44B1AE556B60003E007 /* Frameworks */ = {
			isa = PBXFrameworksBuildPhase;
			buildActionMask = 2147483647;
			files = (
			);
			runOnlyForDeploymentPostprocessing = 0;
		};
/* End PBXFrameworksBuildPhase section */

/* Begin PBXGroup section */
		6399F4451AE556B60003E007 = {
			isa = PBXGroup;
			children = (
				6399F4501AE556B60003E007 /* NeuralEvolution */,
			);
			sourceTree = "<group>";
		};
		6399F44F1AE556B60003E007 /* Products */ = {
			isa = PBXGroup;
			children = (
				6399F44E1AE556B60003E007 /* NeuralEvolution */,
			);
			name = Products;
			path = ..;
			sourceTree = "<group>";
		};
		6399F4501AE556B60003E007 /* NeuralEvolution */ = {
			isa = PBXGroup;
			children = (
				6399F4511AE556B60003E007 /* main.cpp */,
				6399F4611AE558510003E007 /* NeuralEvolAlg.cpp */,
				6399F4621AE558510003E007 /* NeuralEvolAlg.h */,
				6399F4641AE5587E0003E007 /* NeuralNet.cpp */,
				6399F4651AE5587E0003E007 /* NeuralNet.h */,
				6399F46A1AE558DA0003E007 /* Problem.cpp */,
				6399F46B1AE558DA0003E007 /* Problem.h */,
				6399F4671AE558AB0003E007 /* IOPair.cpp */,
				6399F4681AE558AB0003E007 /* IOPair.h */,
				6399F4581AE557C50003E007 /* InputNode.cpp */,
				6399F4591AE557C50003E007 /* InputNode.h */,
				6399F45E1AE558020003E007 /* HiddenNode.cpp */,
				6399F45F1AE558020003E007 /* HiddenNode.h */,
				6399F45B1AE557D80003E007 /* OutputNode.cpp */,
				6399F45C1AE557D80003E007 /* OutputNode.h */,
				6399F44F1AE556B60003E007 /* Products */,
			);
			path = NeuralEvolution;
			sourceTree = "<group>";
		};
/* End PBXGroup section */

/* Begin PBXNativeTarget section */
		6399F44D1AE556B60003E007 /* NeuralEvolution */ = {
			isa = PBXNativeTarget;
			buildConfigurationList = 6399F4551AE556B60003E007 /* Build configuration list for PBXNativeTarget "NeuralEvolution" */;
			buildPhases = (
				6399F44A1AE556B60003E007 /* Sources */,
				6399F44B1AE556B60003E007 /* Frameworks */,
				6399F44C1AE556B60003E007 /* CopyFiles */,
			);
			buildRules = (
			);
			dependencies = (
			);
			name = NeuralEvolution;
			productName = NeuralEvolution;
			productReference = 6399F44E1AE556B60003E007 /* NeuralEvolution */;
			productType = "com.apple.product-type.tool";
		};
/* End PBXNativeTarget section */

/* Begin PBXProject section */
		6399F4461AE556B60003E007 /* Project object */ = {
			isa = PBXProject;
			attributes = {
				LastUpgradeCheck = 0630;
				ORGANIZATIONNAME = "David Robert Needell";
				TargetAttributes = {
					6399F44D1AE556B60003E007 = {
						CreatedOnToolsVersion = 6.3;
					};
				};
			};
			buildConfigurationList = 6399F4491AE556B60003E007 /* Build configuration list for PBXProject "NeuralEvolution" */;
			compatibilityVersion = "Xcode 3.2";
			developmentRegion = English;
			hasScannedForEncodings = 0;
			knownRegions = (
				en,
			);
			mainGroup = 6399F4451AE556B60003E007;
			productRefGroup = 6399F44F1AE556B60003E007 /* Products */;
			projectDirPath = "";
			projectRoot = "";
			targets = (
				6399F44D1AE556B60003E007 /* NeuralEvolution */,
			);
		};
/* End PBXProject section */

/* Begin PBXSourcesBuildPhase section */
		6399F44A1AE556B60003E007 /* Sources */ = {
			isa = PBXSourcesBuildPhase;
			buildActionMask = 2147483647;
			files = (
				6399F4631AE558510003E007 /* NeuralEvolAlg.cpp in Sources */,
				6399F45A1AE557C50003E007 /* InputNode.cpp in Sources */,
				6399F4691AE558AB0003E007 /* IOPair.cpp in Sources */,
				6399F4661AE5587E0003E007 /* NeuralNet.cpp in Sources */,
				6399F4601AE558020003E007 /* HiddenNode.cpp in Sources */,
				6399F46C1AE558DA0003E007 /* Problem.cpp in Sources */,
				6399F4521AE556B60003E007 /* main.cpp in Sources */,
				6399F45D1AE557D80003E007 /* OutputNode.cpp in Sources */,
			);
			runOnlyForDeploymentPostprocessing = 0;
		};
/* End PBXSourcesBuildPhase section */

/* Begin XCBuildConfiguration section */
		6399F4531AE556B60003E007 /* Debug */ = {
			isa = XCBuildConfiguration;
			buildSettings = {
				ALWAYS_SEARCH_USER_PATHS = NO;
				CLANG_CXX_LANGUAGE_STANDARD = "gnu++0x";
				CLANG_CXX_LIBRARY = "libc++";
				CLANG_ENABLE_MODULES = YES;
				CLANG_ENABLE_OBJC_ARC = YES;
				CLANG_WARN_BOOL_CONVERSION = YES;
				CLANG_WARN_CONSTANT_CONVERSION = YES;
				CLANG_WARN_DIRECT_OBJC_ISA_USAGE = YES_ERROR;
				CLANG_WARN_EMPTY_BODY = YES;
				CLANG_WARN_ENUM_CONVERSION = YES;
				CLANG_WARN_INT_CONVERSION = YES;
				CLANG_WARN_OBJC_ROOT_CLASS = YES_ERROR;
				CLANG_WARN_UNREACHABLE_CODE = YES;
				CLANG_WARN__DUPLICATE_METHOD_MATCH = YES;
				COPY_PHASE_STRIP = NO;
				DEBUG_INFORMATION_FORMAT = dwarf;
				ENABLE_STRICT_OBJC_MSGSEND = YES;
				GCC_C_LANGUAGE_STANDARD = gnu99;
				GCC_DYNAMIC_NO_PIC = NO;
				GCC_NO_COMMON_BLOCKS = YES;
				GCC_OPTIMIZATION_LEVEL = 0;
				GCC_PREPROCESSOR_DEFINITIONS = (
					"DEBUG=1",
					"$(inherited)",
				);
				GCC_SYMBOLS_PRIVATE_EXTERN = NO;
				GCC_WARN_64_TO_32_BIT_CONVERSION = YES;
				GCC_WARN_ABOUT_RETURN_TYPE = YES_ERROR;
				GCC_WARN_UNDECLARED_SELECTOR = YES;
				GCC_WARN_UNINITIALIZED_AUTOS = YES_AGGRESSIVE;
				GCC_WARN_UNUSED_FUNCTION = YES;
				GCC_WARN_UNUSED_VARIABLE = YES;
				MACOSX_DEPLOYMENT_TARGET = 10.10;
				MTL_ENABLE_DEBUG_INFO = YES;
				ONLY_ACTIVE_ARCH = YES;
				SDKROOT = macosx;
			};
			name = Debug;
		};
		6399F4541AE556B60003E007 /* Release */ = {
			isa = XCBuildConfiguration;
			buildSettings = {
				ALWAYS_SEARCH_USER_PATHS = NO;
				CLANG_CXX_LANGUAGE_STANDARD = "gnu++0x";
				CLANG_CXX_LIBRARY = "libc++";
				CLANG_ENABLE_MODULES = YES;
				CLANG_ENABLE_OBJC_ARC = YES;
				CLANG_WARN_BOOL_CONVERSION = YES;
				CLANG_WARN_CONSTANT_CONVERSION = YES;
				CLANG_WARN_DIRECT_OBJC_ISA_USAGE = YES_ERROR;
				CLANG_WARN_EMPTY_BODY = YES;
				CLANG_WARN_ENUM_CONVERSION = YES;
				CLANG_WARN_INT_CONVERSION = YES;
				CLANG_WARN_OBJC_ROOT_CLASS = YES_ERROR;
				CLANG_WARN_UNREACHABLE_CODE = YES;
				CLANG_WARN__DUPLICATE_METHOD_MATCH = YES;
				COPY_PHASE_STRIP = NO;
				DEBUG_INFORMATION_FORMAT = "dwarf-with-dsym";
				ENABLE_NS_ASSERTIONS = NO;
				ENABLE_STRICT_OBJC_MSGSEND = YES;
				GCC_C_LANGUAGE_STANDARD = gnu99;
				GCC_NO_COMMON_BLOCKS = YES;
				GCC_WARN_64_TO_32_BIT_CONVERSION = YES;
				GCC_WARN_ABOUT_RETURN_TYPE = YES_ERROR;
				GCC_WARN_UNDECLARED_SELECTOR = YES;
				GCC_WARN_UNINITIALIZED_AUTOS = YES_AGGRESSIVE;
				GCC_WARN_UNUSED_FUNCTION = YES;
				GCC_WARN_UNUSED_VARIABLE = YES;
				MACOSX_DEPLOYMENT_TARGET = 10.10;
				MTL_ENABLE_DEBUG_INFO = NO;
				SDKROOT = macosx;
			};
			name = Release;
		};
		6399F4561AE556B60003E007 /* Debug */ = {
			isa = XCBuildConfiguration;
			buildSettings = {
				PRODUCT_NAME = "$(TARGET_NAME)";
			};
			name = Debug;
		};
		6399F4571AE556B60003E007 /* Release */ = {
			isa = XCBuildConfiguration;
			buildSettings = {
				PRODUCT_NAME = "$(TARGET_NAME)";
			};
			name = Release;
		};
/* End XCBuildConfiguration section */

/* Begin XCConfigurationList section */
		6399F4491AE556B60003E007 /* Build configuration list for PBXProject "NeuralEvolution" */ = {
			isa = XCConfigurationList;
			buildConfigurations = (
				6399F4531AE556B60003E007 /* Debug */,
				6399F4541AE556B60003E007 /* Release */,
			);
			defaultConfigurationIsVisible = 0;
			defaultConfigurationName = Release;
		};
		6399F4551AE556B60003E007 /* Build configuration list for PBXNativeTarget "NeuralEvolution" */ = {
			isa = XCConfigurationList;
			buildConfigurations = (
				6399F4561AE556B60003E007 /* Debug */,
				6399F4571AE556B60003E007 /* Release */,
			);
			defaultConfigurationIsVisible = 0;
			defaultConfigurationName = Release;
		};
/* End XCConfigurationList section */
	};
	rootObject = 6399F4461AE556B60003E007 /* Project object */;
}
